
Microsoft Visual Studio Solution File, Format Version 12.00
# Visual Studio Version 16
VisualStudioVersion = 16.0.30717.126
MinimumVisualStudioVersion = 10.0.40219.1
Project("{9A19103F-16F7-4668-BE54-9A1E7A4F7556}") = "BetterBeastSaber.Scraper", "src\BetterBeastSaber.Scraper\BetterBeastSaber.Scraper.csproj", "{74274959-F597-4585-94B3-A0BC198BBE38}"
EndProject
Project("{9A19103F-16F7-4668-BE54-9A1E7A4F7556}") = "BetterBeastSaber.Data", "src\BetterBeastSaber.Data\BetterBeastSaber.Data.csproj", "{26263A24-2BCC-405E-B71F-7733512217B7}"
EndProject
Project("{9A19103F-16F7-4668-BE54-9A1E7A4F7556}") = "BetterBeastSaber.Domain", "src\BetterBeastSaber.Domain\BetterBeastSaber.Domain.csproj", "{50BBDF7E-6124-4EB2-9FE0-8F5C11069DEE}"
EndProject
Project("{E53339B2-1760-4266-BCC7-CA923CBCF16C}") = "docker-compose", "docker-compose.dcproj", "{A970F2DE-641C-4735-83AF-7472ADDA4488}"
EndProject
Project("{FAE04EC0-301F-11D3-BF4B-00C04F79EFBC}") = "BetterBeastSaber.API", "src\BetterBeastSaber.API\BetterBeastSaber.API.csproj", "{985AF02D-707A-448E-AC1E-1BA5873E348E}"
EndProject
Project("{FAE04EC0-301F-11D3-BF4B-00C04F79EFBC}") = "BetterBeastSaber.Mapping", "src\BetterBeastSaber.Mapping\BetterBeastSaber.Mapping.csproj", "{B7DE9045-40F0-4E1D-8D45-E867D4E1774A}"
EndProject
Global
	GlobalSection(SolutionConfigurationPlatforms) = preSolution
		Debug|Any CPU = Debug|Any CPU
		Release|Any CPU = Release|Any CPU
	EndGlobalSection
	GlobalSection(ProjectConfigurationPlatforms) = postSolution
		{74274959-F597-4585-94B3-A0BC198BBE38}.Debug|Any CPU.ActiveCfg = Debug|Any CPU
		{74274959-F597-4585-94B3-A0BC198BBE38}.Debug|Any CPU.Build.0 = Debug|Any CPU
		{74274959-F597-4585-94B3-A0BC198BBE38}.Release|Any CPU.ActiveCfg = Release|Any CPU
		{74274959-F597-4585-94B3-A0BC198BBE38}.Release|Any CPU.Build.0 = Release|Any CPU
		{26263A24-2BCC-405E-B71F-7733512217B7}.Debug|Any CPU.ActiveCfg = Debug|Any CPU
		{26263A24-2BCC-405E-B71F-7733512217B7}.Debug|Any CPU.Build.0 = Debug|Any CPU
		{26263A24-2BCC-405E-B71F-7733512217B7}.Release|Any CPU.ActiveCfg = Release|Any CPU
		{26263A24-2BCC-405E-B71F-7733512217B7}.Release|Any CPU.Build.0 = Release|Any CPU
		{50BBDF7E-6124-4EB2-9FE0-8F5C11069DEE}.Debug|Any CPU.ActiveCfg = Debug|Any CPU
		{50BBDF7E-6124-4EB2-9FE0-8F5C11069DEE}.Debug|Any CPU.Build.0 = Debug|Any CPU
		{50BBDF7E-6124-4EB2-9FE0-8F5C11069DEE}.Release|Any CPU.ActiveCfg = Release|Any CPU
		{50BBDF7E-6124-4EB2-9FE0-8F5C11069DEE}.Release|Any CPU.Build.0 = Release|Any CPU
		{A970F2DE-641C-4735-83AF-7472ADDA4488}.Debug|Any CPU.ActiveCfg = Debug|Any CPU
		{A970F2DE-641C-4735-83AF-7472ADDA4488}.Debug|Any CPU.Build.0 = Debug|Any CPU
		{A970F2DE-641C-4735-83AF-7472ADDA4488}.Release|Any CPU.ActiveCfg = Release|Any CPU
		{A970F2DE-641C-4735-83AF-7472ADDA4488}.Release|Any CPU.Build.0 = Release|Any CPU
		{985AF02D-707A-448E-AC1E-1BA5873E348E}.Debug|Any CPU.ActiveCfg = Debug|Any CPU
		{985AF02D-707A-448E-AC1E-1BA5873E348E}.Debug|Any CPU.Build.0 = Debug|Any CPU
		{985AF02D-707A-448E-AC1E-1BA5873E348E}.Release|Any CPU.ActiveCfg = Release|Any CPU
		{985AF02D-707A-448E-AC1E-1BA5873E348E}.Release|Any CPU.Build.0 = Release|Any CPU
		{B7DE9045-40F0-4E1D-8D45-E867D4E1774A}.Debug|Any CPU.ActiveCfg = Debug|Any CPU
		{B7DE9045-40F0-4E1D-8D45-E867D4E1774A}.Debug|Any CPU.Build.0 = Debug|Any CPU
		{B7DE9045-40F0-4E1D-8D45-E867D4E1774A}.Release|Any CPU.ActiveCfg = Release|Any CPU
		{B7DE9045-40F0-4E1D-8D45-E867D4E1774A}.Release|Any CPU.Build.0 = Release|Any CPU
	EndGlobalSection
	GlobalSection(SolutionProperties) = preSolution
		HideSolutionNode = FALSE
	EndGlobalSection
	GlobalSection(ExtensibilityGlobals) = postSolution
		SolutionGuid = {471BDBAC-CFFB-4A97-9C2A-32EE141D9143}
	EndGlobalSection
EndGlobal
